
Microsoft Visual Studio Solution File, Format Version 12.00
# Visual Studio Version 16
VisualStudioVersion = 16.0.29613.14
MinimumVisualStudioVersion = 10.0.40219.1
Project("{9A19103F-16F7-4668-BE54-9A1E7A4F7556}") = "GeneticAlgorithmStart", "GeneticAlgorithm\GeneticAlgorithmStart.csproj", "{ECEFD599-9C1C-4834-A663-28FCF4C077D3}"
EndProject
Project("{9A19103F-16F7-4668-BE54-9A1E7A4F7556}") = "PopulationGeneration", "PopulationGeneration\PopulationGeneration.csproj", "{0983C613-54A2-4CC1-BE4B-18C5386E55C7}"
EndProject
Project("{9A19103F-16F7-4668-BE54-9A1E7A4F7556}") = "Crosscutting", "Crosscutting\Crosscutting.csproj", "{494FA84F-FFEF-4017-980C-51C60A7E3F94}"
EndProject
Project("{9A19103F-16F7-4668-BE54-9A1E7A4F7556}") = "ObstacleGeneration", "ObstacleGeneration\ObstacleGeneration.csproj", "{1C436F5C-BA60-49FD-A6FF-435F045E1EA4}"
EndProject
Project("{9A19103F-16F7-4668-BE54-9A1E7A4F7556}") = "AlgorithmCore", "AlgorithmCore\AlgorithmCore.csproj", "{981A892F-C073-4294-BDE0-225433B736AC}"
EndProject
Global
	GlobalSection(SolutionConfigurationPlatforms) = preSolution
		Debug|Any CPU = Debug|Any CPU
		Release|Any CPU = Release|Any CPU
	EndGlobalSection
	GlobalSection(ProjectConfigurationPlatforms) = postSolution
		{ECEFD599-9C1C-4834-A663-28FCF4C077D3}.Debug|Any CPU.ActiveCfg = Debug|Any CPU
		{ECEFD599-9C1C-4834-A663-28FCF4C077D3}.Debug|Any CPU.Build.0 = Debug|Any CPU
		{ECEFD599-9C1C-4834-A663-28FCF4C077D3}.Release|Any CPU.ActiveCfg = Release|Any CPU
		{ECEFD599-9C1C-4834-A663-28FCF4C077D3}.Release|Any CPU.Build.0 = Release|Any CPU
		{0983C613-54A2-4CC1-BE4B-18C5386E55C7}.Debug|Any CPU.ActiveCfg = Debug|Any CPU
		{0983C613-54A2-4CC1-BE4B-18C5386E55C7}.Debug|Any CPU.Build.0 = Debug|Any CPU
		{0983C613-54A2-4CC1-BE4B-18C5386E55C7}.Release|Any CPU.ActiveCfg = Release|Any CPU
		{0983C613-54A2-4CC1-BE4B-18C5386E55C7}.Release|Any CPU.Build.0 = Release|Any CPU
		{494FA84F-FFEF-4017-980C-51C60A7E3F94}.Debug|Any CPU.ActiveCfg = Debug|Any CPU
		{494FA84F-FFEF-4017-980C-51C60A7E3F94}.Debug|Any CPU.Build.0 = Debug|Any CPU
		{494FA84F-FFEF-4017-980C-51C60A7E3F94}.Release|Any CPU.ActiveCfg = Release|Any CPU
		{494FA84F-FFEF-4017-980C-51C60A7E3F94}.Release|Any CPU.Build.0 = Release|Any CPU
		{1C436F5C-BA60-49FD-A6FF-435F045E1EA4}.Debug|Any CPU.ActiveCfg = Debug|Any CPU
		{1C436F5C-BA60-49FD-A6FF-435F045E1EA4}.Debug|Any CPU.Build.0 = Debug|Any CPU
		{1C436F5C-BA60-49FD-A6FF-435F045E1EA4}.Release|Any CPU.ActiveCfg = Release|Any CPU
		{1C436F5C-BA60-49FD-A6FF-435F045E1EA4}.Release|Any CPU.Build.0 = Release|Any CPU
		{981A892F-C073-4294-BDE0-225433B736AC}.Debug|Any CPU.ActiveCfg = Debug|Any CPU
		{981A892F-C073-4294-BDE0-225433B736AC}.Debug|Any CPU.Build.0 = Debug|Any CPU
		{981A892F-C073-4294-BDE0-225433B736AC}.Release|Any CPU.ActiveCfg = Release|Any CPU
		{981A892F-C073-4294-BDE0-225433B736AC}.Release|Any CPU.Build.0 = Release|Any CPU
	EndGlobalSection
	GlobalSection(SolutionProperties) = preSolution
		HideSolutionNode = FALSE
	EndGlobalSection
	GlobalSection(ExtensibilityGlobals) = postSolution
		SolutionGuid = {A7B90009-14BA-415E-9C5C-17783B21AD30}
	EndGlobalSection
EndGlobal
